// !$*UTF8*$!
{
	archiveVersion = 1;
	classes = {
	};
	objectVersion = 50;
	objects = {

/* Begin PBXBuildFile section */
		2B908C7724EB69EC002EB84B /* SceneDelegate.swift in Sources */ = {isa = PBXBuildFile; fileRef = 2B908C7624EB69EC002EB84B /* SceneDelegate.swift */; };
		2B908C7924EB69EC002EB84B /* ViewController.swift in Sources */ = {isa = PBXBuildFile; fileRef = 2B908C7824EB69EC002EB84B /* ViewController.swift */; };
		2B908C7C24EB69EC002EB84B /* Main.storyboard in Resources */ = {isa = PBXBuildFile; fileRef = 2B908C7A24EB69EC002EB84B /* Main.storyboard */; };
		2B908C7E24EB69ED002EB84B /* Assets.xcassets in Resources */ = {isa = PBXBuildFile; fileRef = 2B908C7D24EB69ED002EB84B /* Assets.xcassets */; };
		2B908C8124EB69ED002EB84B /* LaunchScreen.storyboard in Resources */ = {isa = PBXBuildFile; fileRef = 2B908C7F24EB69ED002EB84B /* LaunchScreen.storyboard */; };
		2B908C8C24EB6A18002EB84B /* UserTableViewCell.swift in Sources */ = {isa = PBXBuildFile; fileRef = 2B908C8A24EB6A18002EB84B /* UserTableViewCell.swift */; };
		2B908C8D24EB6A18002EB84B /* UserTableViewCell.xib in Resources */ = {isa = PBXBuildFile; fileRef = 2B908C8B24EB6A18002EB84B /* UserTableViewCell.xib */; };
		2B908C8F24EB6EC3002EB84B /* UserModel.swift in Sources */ = {isa = PBXBuildFile; fileRef = 2B908C8E24EB6EC3002EB84B /* UserModel.swift */; };
		2B908C9124EB6ED0002EB84B /* Status.swift in Sources */ = {isa = PBXBuildFile; fileRef = 2B908C9024EB6ED0002EB84B /* Status.swift */; };
		2B908C9524EB869D002EB84B /* DataSample.swift in Sources */ = {isa = PBXBuildFile; fileRef = 2B908C9424EB869D002EB84B /* DataSample.swift */; };
		2B908C9624EB8749002EB84B /* AppDelegate.swift in Sources */ = {isa = PBXBuildFile; fileRef = 2B908C7424EB69EC002EB84B /* AppDelegate.swift */; };
		2B908C9924EBBBAA002EB84B /* DetailViewController.swift in Sources */ = {isa = PBXBuildFile; fileRef = 2B908C9824EBBBAA002EB84B /* DetailViewController.swift */; };
/* End PBXBuildFile section */

/* Begin PBXFileReference section */
		2B908C7124EB69EC002EB84B /* UITableView.app */ = {isa = PBXFileReference; explicitFileType = wrapper.application; includeInIndex = 0; path = UITableView.app; sourceTree = BUILT_PRODUCTS_DIR; };
		2B908C7424EB69EC002EB84B /* AppDelegate.swift */ = {isa = PBXFileReference; lastKnownFileType = sourcecode.swift; path = AppDelegate.swift; sourceTree = "<group>"; };
		2B908C7624EB69EC002EB84B /* SceneDelegate.swift */ = {isa = PBXFileReference; lastKnownFileType = sourcecode.swift; path = SceneDelegate.swift; sourceTree = "<group>"; };
		2B908C7824EB69EC002EB84B /* ViewController.swift */ = {isa = PBXFileReference; lastKnownFileType = sourcecode.swift; path = ViewController.swift; sourceTree = "<group>"; };
		2B908C7B24EB69EC002EB84B /* Base */ = {isa = PBXFileReference; lastKnownFileType = file.storyboard; name = Base; path = Base.lproj/Main.storyboard; sourceTree = "<group>"; };
		2B908C7D24EB69ED002EB84B /* Assets.xcassets */ = {isa = PBXFileReference; lastKnownFileType = folder.assetcatalog; path = Assets.xcassets; sourceTree = "<group>"; };
		2B908C8024EB69ED002EB84B /* Base */ = {isa = PBXFileReference; lastKnownFileType = file.storyboard; name = Base; path = Base.lproj/LaunchScreen.storyboard; sourceTree = "<group>"; };
		2B908C8224EB69ED002EB84B /* Info.plist */ = {isa = PBXFileReference; lastKnownFileType = text.plist.xml; path = Info.plist; sourceTree = "<group>"; };
		2B908C8A24EB6A18002EB84B /* UserTableViewCell.swift */ = {isa = PBXFileReference; lastKnownFileType = sourcecode.swift; path = UserTableViewCell.swift; sourceTree = "<group>"; };
		2B908C8B24EB6A18002EB84B /* UserTableViewCell.xib */ = {isa = PBXFileReference; lastKnownFileType = file.xib; path = UserTableViewCell.xib; sourceTree = "<group>"; };
		2B908C8E24EB6EC3002EB84B /* UserModel.swift */ = {isa = PBXFileReference; lastKnownFileType = sourcecode.swift; path = UserModel.swift; sourceTree = "<group>"; };
		2B908C9024EB6ED0002EB84B /* Status.swift */ = {isa = PBXFileReference; lastKnownFileType = sourcecode.swift; path = Status.swift; sourceTree = "<group>"; };
		2B908C9424EB869D002EB84B /* DataSample.swift */ = {isa = PBXFileReference; lastKnownFileType = sourcecode.swift; path = DataSample.swift; sourceTree = "<group>"; };
		2B908C9824EBBBAA002EB84B /* DetailViewController.swift */ = {isa = PBXFileReference; lastKnownFileType = sourcecode.swift; path = DetailViewController.swift; sourceTree = "<group>"; };
/* End PBXFileReference section */

/* Begin PBXFrameworksBuildPhase section */
		2B908C6E24EB69EC002EB84B /* Frameworks */ = {
			isa = PBXFrameworksBuildPhase;
			buildActionMask = 2147483647;
			files = (
			);
			runOnlyForDeploymentPostprocessing = 0;
		};
/* End PBXFrameworksBuildPhase section */

/* Begin PBXGroup section */
		2B908C6824EB69EC002EB84B = {
			isa = PBXGroup;
			children = (
				2B908C7324EB69EC002EB84B /* UITableView */,
				2B908C7224EB69EC002EB84B /* Products */,
			);
			sourceTree = "<group>";
		};
		2B908C7224EB69EC002EB84B /* Products */ = {
			isa = PBXGroup;
			children = (
				2B908C7124EB69EC002EB84B /* UITableView.app */,
			);
			name = Products;
			sourceTree = "<group>";
		};
		2B908C7324EB69EC002EB84B /* UITableView */ = {
			isa = PBXGroup;
			children = (
				2B908C9724EBBB6F002EB84B /* Detail */,
				2B908C8924EB69F8002EB84B /* Models */,
				2B908C8824EB69F2002EB84B /* Table */,
				2B908C7424EB69EC002EB84B /* AppDelegate.swift */,
				2B908C7624EB69EC002EB84B /* SceneDelegate.swift */,
				2B908C7824EB69EC002EB84B /* ViewController.swift */,
				2B908C7A24EB69EC002EB84B /* Main.storyboard */,
				2B908C7D24EB69ED002EB84B /* Assets.xcassets */,
				2B908C7F24EB69ED002EB84B /* LaunchScreen.storyboard */,
				2B908C8224EB69ED002EB84B /* Info.plist */,
			);
			path = UITableView;
			sourceTree = "<group>";
		};
		2B908C8824EB69F2002EB84B /* Table */ = {
			isa = PBXGroup;
			children = (
				2B908C8A24EB6A18002EB84B /* UserTableViewCell.swift */,
				2B908C8B24EB6A18002EB84B /* UserTableViewCell.xib */,
			);
			path = Table;
			sourceTree = "<group>";
		};
		2B908C8924EB69F8002EB84B /* Models */ = {
			isa = PBXGroup;
			children = (
				2B908C8E24EB6EC3002EB84B /* UserModel.swift */,
				2B908C9024EB6ED0002EB84B /* Status.swift */,
				2B908C9424EB869D002EB84B /* DataSample.swift */,
			);
			path = Models;
			sourceTree = "<group>";
		};
		2B908C9724EBBB6F002EB84B /* Detail */ = {
			isa = PBXGroup;
			children = (
				2B908C9824EBBBAA002EB84B /* DetailViewController.swift */,
			);
			path = Detail;
			sourceTree = "<group>";
		};
/* End PBXGroup section */

/* Begin PBXNativeTarget section */
		2B908C7024EB69EC002EB84B /* UITableView */ = {
			isa = PBXNativeTarget;
			buildConfigurationList = 2B908C8524EB69ED002EB84B /* Build configuration list for PBXNativeTarget "UITableView" */;
			buildPhases = (
				2B908C6D24EB69EC002EB84B /* Sources */,
				2B908C6E24EB69EC002EB84B /* Frameworks */,
				2B908C6F24EB69EC002EB84B /* Resources */,
			);
			buildRules = (
			);
			dependencies = (
			);
			name = UITableView;
			productName = UITableView;
			productReference = 2B908C7124EB69EC002EB84B /* UITableView.app */;
			productType = "com.apple.product-type.application";
		};
/* End PBXNativeTarget section */

/* Begin PBXProject section */
		2B908C6924EB69EC002EB84B /* Project object */ = {
			isa = PBXProject;
			attributes = {
				LastSwiftUpdateCheck = 1120;
				LastUpgradeCheck = 1120;
				ORGANIZATIONNAME = helIgate;
				TargetAttributes = {
					2B908C7024EB69EC002EB84B = {
						CreatedOnToolsVersion = 11.2.1;
					};
				};
			};
			buildConfigurationList = 2B908C6C24EB69EC002EB84B /* Build configuration list for PBXProject "UITableView" */;
			compatibilityVersion = "Xcode 9.3";
			developmentRegion = en;
			hasScannedForEncodings = 0;
			knownRegions = (
				en,
				Base,
			);
			mainGroup = 2B908C6824EB69EC002EB84B;
			productRefGroup = 2B908C7224EB69EC002EB84B /* Products */;
			projectDirPath = "";
			projectRoot = "";
			targets = (
				2B908C7024EB69EC002EB84B /* UITableView */,
			);
		};
/* End PBXProject section */

/* Begin PBXResourcesBuildPhase section */
		2B908C6F24EB69EC002EB84B /* Resources */ = {
			isa = PBXResourcesBuildPhase;
			buildActionMask = 2147483647;
			files = (
				2B908C8D24EB6A18002EB84B /* UserTableViewCell.xib in Resources */,
				2B908C8124EB69ED002EB84B /* LaunchScreen.storyboard in Resources */,
				2B908C7E24EB69ED002EB84B /* Assets.xcassets in Resources */,
				2B908C7C24EB69EC002EB84B /* Main.storyboard in Resources */,
			);
			runOnlyForDeploymentPostprocessing = 0;
		};
/* End PBXResourcesBuildPhase section */

/* Begin PBXSourcesBuildPhase section */
		2B908C6D24EB69EC002EB84B /* Sources */ = {
			isa = PBXSourcesBuildPhase;
			buildActionMask = 2147483647;
			files = (
				2B908C8C24EB6A18002EB84B /* UserTableViewCell.swift in Sources */,
				2B908C7924EB69EC002EB84B /* ViewController.swift in Sources */,
				2B908C9524EB869D002EB84B /* DataSample.swift in Sources */,
				2B908C8F24EB6EC3002EB84B /* UserModel.swift in Sources */,
				2B908C9624EB8749002EB84B /* AppDelegate.swift in Sources */,
				2B908C7724EB69EC002EB84B /* SceneDelegate.swift in Sources */,
				2B908C9124EB6ED0002EB84B /* Status.swift in Sources */,
				2B908C9924EBBBAA002EB84B /* DetailViewController.swift in Sources */,
			);
			runOnlyForDeploymentPostprocessing = 0;
		};
/* End PBXSourcesBuildPhase section */

/* Begin PBXVariantGroup section */
		2B908C7A24EB69EC002EB84B /* Main.storyboard */ = {
			isa = PBXVariantGroup;
			children = (
				2B908C7B24EB69EC002EB84B /* Base */,
			);
			name = Main.storyboard;
			sourceTree = "<group>";
		};
		2B908C7F24EB69ED002EB84B /* LaunchScreen.storyboard */ = {
			isa = PBXVariantGroup;
			children = (
				2B908C8024EB69ED002EB84B /* Base */,
			);
			name = LaunchScreen.storyboard;
			sourceTree = "<group>";
		};
/* End PBXVariantGroup section */

/* Begin XCBuildConfiguration section */
		2B908C8324EB69ED002EB84B /* Debug */ = {
			isa = XCBuildConfiguration;
			buildSettings = {
				ALWAYS_SEARCH_USER_PATHS = NO;
				CLANG_ANALYZER_NONNULL = YES;
				CLANG_ANALYZER_NUMBER_OBJECT_CONVERSION = YES_AGGRESSIVE;
				CLANG_CXX_LANGUAGE_STANDARD = "gnu++14";
				CLANG_CXX_LIBRARY = "libc++";
				CLANG_ENABLE_MODULES = YES;
				CLANG_ENABLE_OBJC_ARC = YES;
				CLANG_ENABLE_OBJC_WEAK = YES;
				CLANG_WARN_BLOCK_CAPTURE_AUTORELEASING = YES;
				CLANG_WARN_BOOL_CONVERSION = YES;
				CLANG_WARN_COMMA = YES;
				CLANG_WARN_CONSTANT_CONVERSION = YES;
				CLANG_WARN_DEPRECATED_OBJC_IMPLEMENTATIONS = YES;
				CLANG_WARN_DIRECT_OBJC_ISA_USAGE = YES_ERROR;
				CLANG_WARN_DOCUMENTATION_COMMENTS = YES;
				CLANG_WARN_EMPTY_BODY = YES;
				CLANG_WARN_ENUM_CONVERSION = YES;
				CLANG_WARN_INFINITE_RECURSION = YES;
				CLANG_WARN_INT_CONVERSION = YES;
				CLANG_WARN_NON_LITERAL_NULL_CONVERSION = YES;
				CLANG_WARN_OBJC_IMPLICIT_RETAIN_SELF = YES;
				CLANG_WARN_OBJC_LITERAL_CONVERSION = YES;
				CLANG_WARN_OBJC_ROOT_CLASS = YES_ERROR;
				CLANG_WARN_RANGE_LOOP_ANALYSIS = YES;
				CLANG_WARN_STRICT_PROTOTYPES = YES;
				CLANG_WARN_SUSPICIOUS_MOVE = YES;
				CLANG_WARN_UNGUARDED_AVAILABILITY = YES_AGGRESSIVE;
				CLANG_WARN_UNREACHABLE_CODE = YES;
				CLANG_WARN__DUPLICATE_METHOD_MATCH = YES;
				COPY_PHASE_STRIP = NO;
				DEBUG_INFORMATION_FORMAT = dwarf;
				ENABLE_STRICT_OBJC_MSGSEND = YES;
				ENABLE_TESTABILITY = YES;
				GCC_C_LANGUAGE_STANDARD = gnu11;
				GCC_DYNAMIC_NO_PIC = NO;
				GCC_NO_COMMON_BLOCKS = YES;
				GCC_OPTIMIZATION_LEVEL = 0;
				GCC_PREPROCESSOR_DEFINITIONS = (
					"DEBUG=1",
					"$(inherited)",
				);
				GCC_WARN_64_TO_32_BIT_CONVERSION = YES;
				GCC_WARN_ABOUT_RETURN_TYPE = YES_ERROR;
				GCC_WARN_UNDECLARED_SELECTOR = YES;
				GCC_WARN_UNINITIALIZED_AUTOS = YES_AGGRESSIVE;
				GCC_WARN_UNUSED_FUNCTION = YES;
				GCC_WARN_UNUSED_VARIABLE = YES;
				IPHONEOS_DEPLOYMENT_TARGET = 13.2;
				MTL_ENABLE_DEBUG_INFO = INCLUDE_SOURCE;
				MTL_FAST_MATH = YES;
				ONLY_ACTIVE_ARCH = YES;
				SDKROOT = iphoneos;
				SWIFT_ACTIVE_COMPILATION_CONDITIONS = DEBUG;
				SWIFT_OPTIMIZATION_LEVEL = "-Onone";
			};
			name = Debug;
		};
		2B908C8424EB69ED002EB84B /* Release */ = {
			isa = XCBuildConfiguration;
			buildSettings = {
				ALWAYS_SEARCH_USER_PATHS = NO;
				CLANG_ANALYZER_NONNULL = YES;
				CLANG_ANALYZER_NUMBER_OBJECT_CONVERSION = YES_AGGRESSIVE;
				CLANG_CXX_LANGUAGE_STANDARD = "gnu++14";
				CLANG_CXX_LIBRARY = "libc++";
				CLANG_ENABLE_MODULES = YES;
				CLANG_ENABLE_OBJC_ARC = YES;
				CLANG_ENABLE_OBJC_WEAK = YES;
				CLANG_WARN_BLOCK_CAPTURE_AUTORELEASING = YES;
				CLANG_WARN_BOOL_CONVERSION = YES;
				CLANG_WARN_COMMA = YES;
				CLANG_WARN_CONSTANT_CONVERSION = YES;
				CLANG_WARN_DEPRECATED_OBJC_IMPLEMENTATIONS = YES;
				CLANG_WARN_DIRECT_OBJC_ISA_USAGE = YES_ERROR;
				CLANG_WARN_DOCUMENTATION_COMMENTS = YES;
				CLANG_WARN_EMPTY_BODY = YES;
				CLANG_WARN_ENUM_CONVERSION = YES;
				CLANG_WARN_INFINITE_RECURSION = YES;
				CLANG_WARN_INT_CONVERSION = YES;
				CLANG_WARN_NON_LITERAL_NULL_CONVERSION = YES;
				CLANG_WARN_OBJC_IMPLICIT_RETAIN_SELF = YES;
				CLANG_WARN_OBJC_LITERAL_CONVERSION = YES;
				CLANG_WARN_OBJC_ROOT_CLASS = YES_ERROR;
				CLANG_WARN_RANGE_LOOP_ANALYSIS = YES;
				CLANG_WARN_STRICT_PROTOTYPES = YES;
				CLANG_WARN_SUSPICIOUS_MOVE = YES;
				CLANG_WARN_UNGUARDED_AVAILABILITY = YES_AGGRESSIVE;
				CLANG_WARN_UNREACHABLE_CODE = YES;
				CLANG_WARN__DUPLICATE_METHOD_MATCH = YES;
				COPY_PHASE_STRIP = NO;
				DEBUG_INFORMATION_FORMAT = "dwarf-with-dsym";
				ENABLE_NS_ASSERTIONS = NO;
				ENABLE_STRICT_OBJC_MSGSEND = YES;
				GCC_C_LANGUAGE_STANDARD = gnu11;
				GCC_NO_COMMON_BLOCKS = YES;
				GCC_WARN_64_TO_32_BIT_CONVERSION = YES;
				GCC_WARN_ABOUT_RETURN_TYPE = YES_ERROR;
				GCC_WARN_UNDECLARED_SELECTOR = YES;
				GCC_WARN_UNINITIALIZED_AUTOS = YES_AGGRESSIVE;
				GCC_WARN_UNUSED_FUNCTION = YES;
				GCC_WARN_UNUSED_VARIABLE = YES;
				IPHONEOS_DEPLOYMENT_TARGET = 13.2;
				MTL_ENABLE_DEBUG_INFO = NO;
				MTL_FAST_MATH = YES;
				SDKROOT = iphoneos;
				SWIFT_COMPILATION_MODE = wholemodule;
				SWIFT_OPTIMIZATION_LEVEL = "-O";
				VALIDATE_PRODUCT = YES;
			};
			name = Release;
		};
		2B908C8624EB69ED002EB84B /* Debug */ = {
			isa = XCBuildConfiguration;
			buildSettings = {
				ASSETCATALOG_COMPILER_APPICON_NAME = AppIcon;
				CODE_SIGN_IDENTITY = "Apple Development";
				CODE_SIGN_STYLE = Automatic;
				DEVELOPMENT_TEAM = "";
				INFOPLIST_FILE = UITableView/Info.plist;
				LD_RUNPATH_SEARCH_PATHS = (
					"$(inherited)",
					"@executable_path/Frameworks",
				);
				PRODUCT_BUNDLE_IDENTIFIER = com.heligate.UITableView;
				PRODUCT_NAME = "$(TARGET_NAME)";
				PROVISIONING_PROFILE_SPECIFIER = "";
				SWIFT_VERSION = 5.0;
				TARGETED_DEVICE_FAMILY = "1,2";
			};
			name = Debug;
		};
		2B908C8724EB69ED002EB84B /* Release */ = {
			isa = XCBuildConfiguration;
			buildSettings = {
				ASSETCATALOG_COMPILER_APPICON_NAME = AppIcon;
				CODE_SIGN_IDENTITY = "Apple Development";
				CODE_SIGN_STYLE = Automatic;
				DEVELOPMENT_TEAM = "";
				INFOPLIST_FILE = UITableView/Info.plist;
				LD_RUNPATH_SEARCH_PATHS = (
					"$(inherited)",
					"@executable_path/Frameworks",
				);
				PRODUCT_BUNDLE_IDENTIFIER = com.heligate.UITableView;
				PRODUCT_NAME = "$(TARGET_NAME)";
				PROVISIONING_PROFILE_SPECIFIER = "";
				SWIFT_VERSION = 5.0;
				TARGETED_DEVICE_FAMILY = "1,2";
			};
			name = Release;
		};
/* End XCBuildConfiguration section */

/* Begin XCConfigurationList section */
		2B908C6C24EB69EC002EB84B /* Build configuration list for PBXProject "UITableView" */ = {
			isa = XCConfigurationList;
			buildConfigurations = (
				2B908C8324EB69ED002EB84B /* Debug */,
				2B908C8424EB69ED002EB84B /* Release */,
			);
			defaultConfigurationIsVisible = 0;
			defaultConfigurationName = Release;
		};
		2B908C8524EB69ED002EB84B /* Build configuration list for PBXNativeTarget "UITableView" */ = {
			isa = XCConfigurationList;
			buildConfigurations = (
				2B908C8624EB69ED002EB84B /* Debug */,
				2B908C8724EB69ED002EB84B /* Release */,
			);
			defaultConfigurationIsVisible = 0;
			defaultConfigurationName = Release;
		};
/* End XCConfigurationList section */
	};
	rootObject = 2B908C6924EB69EC002EB84B /* Project object */;
}
