// !$*UTF8*$!
{
	archiveVersion = 1;
	classes = {
	};
	objectVersion = 51;
	objects = {

/* Begin PBXBuildFile section */
		2B093DB824F5F70E0028820F /* HBCheckout2.swift in Sources */ = {isa = PBXBuildFile; fileRef = 2B093DB724F5F70E0028820F /* HBCheckout2.swift */; };
		2B093DBA24F612C00028820F /* HBDatePickerTextField.swift in Sources */ = {isa = PBXBuildFile; fileRef = 2B093DB924F612C00028820F /* HBDatePickerTextField.swift */; };
		2B093DBC24F612DF0028820F /* HBTextField.swift in Sources */ = {isa = PBXBuildFile; fileRef = 2B093DBB24F612DF0028820F /* HBTextField.swift */; };
		2B1A638024F8A84B0023422F /* CodableExample.swift in Sources */ = {isa = PBXBuildFile; fileRef = 2B1A637F24F8A84B0023422F /* CodableExample.swift */; };
		2B1BB0A024F4A8F00074ED6B /* HBPaddingTextField.swift in Sources */ = {isa = PBXBuildFile; fileRef = 2B1BB09F24F4A8F00074ED6B /* HBPaddingTextField.swift */; };
		2B1BB0A724F4B8960074ED6B /* HBInputNumberTableViewCell.swift in Sources */ = {isa = PBXBuildFile; fileRef = 2B1BB0A524F4B8960074ED6B /* HBInputNumberTableViewCell.swift */; };
		2B1BB0A824F4B8960074ED6B /* HBInputNumberTableViewCell.xib in Resources */ = {isa = PBXBuildFile; fileRef = 2B1BB0A624F4B8960074ED6B /* HBInputNumberTableViewCell.xib */; };
		2B52D7E824F5006700D8FF1A /* HBUser.storyboard in Resources */ = {isa = PBXBuildFile; fileRef = 2B52D7E724F5006700D8FF1A /* HBUser.storyboard */; };
		2B52D7EA24F5008F00D8FF1A /* HBUserViewController.swift in Sources */ = {isa = PBXBuildFile; fileRef = 2B52D7E924F5008F00D8FF1A /* HBUserViewController.swift */; };
		2B52D7EE24F5012F00D8FF1A /* HBUserTableViewCell.swift in Sources */ = {isa = PBXBuildFile; fileRef = 2B52D7EC24F5012F00D8FF1A /* HBUserTableViewCell.swift */; };
		2B52D7EF24F5012F00D8FF1A /* HBUserTableViewCell.xib in Resources */ = {isa = PBXBuildFile; fileRef = 2B52D7ED24F5012F00D8FF1A /* HBUserTableViewCell.xib */; };
		2B52D7F324F51F3500D8FF1A /* HBCheckout2.storyboard in Resources */ = {isa = PBXBuildFile; fileRef = 2B52D7F224F51F3500D8FF1A /* HBCheckout2.storyboard */; };
		2B52D7F724F5210500D8FF1A /* HBCheckout2ViewController.swift in Sources */ = {isa = PBXBuildFile; fileRef = 2B52D7F624F5210500D8FF1A /* HBCheckout2ViewController.swift */; };
		2B81311324F8F73E00C786DF /* HBNotice.swift in Sources */ = {isa = PBXBuildFile; fileRef = 2B81311224F8F73E00C786DF /* HBNotice.swift */; };
		2BA2ECD024F7A2FA009512BB /* HBNotice.storyboard in Resources */ = {isa = PBXBuildFile; fileRef = 2BA2ECCF24F7A2FA009512BB /* HBNotice.storyboard */; };
		2BA2ECD224F7A359009512BB /* HBNoticeViewController.swift in Sources */ = {isa = PBXBuildFile; fileRef = 2BA2ECD124F7A359009512BB /* HBNoticeViewController.swift */; };
		2BA2ECD624F7A40E009512BB /* HBNoticeTableViewCell.swift in Sources */ = {isa = PBXBuildFile; fileRef = 2BA2ECD424F7A40E009512BB /* HBNoticeTableViewCell.swift */; };
		2BA2ECD724F7A40E009512BB /* HBNoticeTableViewCell.xib in Resources */ = {isa = PBXBuildFile; fileRef = 2BA2ECD524F7A40E009512BB /* HBNoticeTableViewCell.xib */; };
		2BA2ECDA24F7A7E1009512BB /* HBNoticeHeaderTableViewCell.swift in Sources */ = {isa = PBXBuildFile; fileRef = 2BA2ECD824F7A7E1009512BB /* HBNoticeHeaderTableViewCell.swift */; };
		2BA2ECDB24F7A7E1009512BB /* HBNoticeHeaderTableViewCell.xib in Resources */ = {isa = PBXBuildFile; fileRef = 2BA2ECD924F7A7E1009512BB /* HBNoticeHeaderTableViewCell.xib */; };
		2BA2ECDF24F7AFB9009512BB /* HBUserDefault.swift in Sources */ = {isa = PBXBuildFile; fileRef = 2BA2ECDE24F7AFB9009512BB /* HBUserDefault.swift */; };
		2BA2ECE624F7DDB5009512BB /* GenericXXX.swift in Sources */ = {isa = PBXBuildFile; fileRef = 2BA2ECE524F7DDB5009512BB /* GenericXXX.swift */; };
		2BA972A524F213E300419967 /* HBCheckout.storyboard in Resources */ = {isa = PBXBuildFile; fileRef = 2BA972A424F213E300419967 /* HBCheckout.storyboard */; };
		2BA972A724F2140200419967 /* HBCheckout1ViewController.swift in Sources */ = {isa = PBXBuildFile; fileRef = 2BA972A624F2140200419967 /* HBCheckout1ViewController.swift */; };
		2BA972AB24F2172400419967 /* Checkout1TableViewCell.swift in Sources */ = {isa = PBXBuildFile; fileRef = 2BA972A924F2172400419967 /* Checkout1TableViewCell.swift */; };
		2BA972AC24F2172400419967 /* Checkout1TableViewCell.xib in Resources */ = {isa = PBXBuildFile; fileRef = 2BA972AA24F2172400419967 /* Checkout1TableViewCell.xib */; };
		2BA972AE24F21C0C00419967 /* HBCheckoutModel.swift in Sources */ = {isa = PBXBuildFile; fileRef = 2BA972AD24F21C0C00419967 /* HBCheckoutModel.swift */; };
		2BD5CC6424F6203200148FF5 /* HBNumberTextField.swift in Sources */ = {isa = PBXBuildFile; fileRef = 2BD5CC6324F6203200148FF5 /* HBNumberTextField.swift */; };
		2BD5CC6624F6508000148FF5 /* XViewController.swift in Sources */ = {isa = PBXBuildFile; fileRef = 2BD5CC6524F6508000148FF5 /* XViewController.swift */; };
		2BE8849924F1230400DCAF8C /* HoangKimtoiStudy.txt in Resources */ = {isa = PBXBuildFile; fileRef = 2BE8849824F1230400DCAF8C /* HoangKimtoiStudy.txt */; };
		2BEA194124EF611C00A26CF9 /* AppDelegate.swift in Sources */ = {isa = PBXBuildFile; fileRef = 2BEA194024EF611C00A26CF9 /* AppDelegate.swift */; };
		2BEA194324EF611C00A26CF9 /* SceneDelegate.swift in Sources */ = {isa = PBXBuildFile; fileRef = 2BEA194224EF611C00A26CF9 /* SceneDelegate.swift */; };
		2BEA194524EF611C00A26CF9 /* ViewController.swift in Sources */ = {isa = PBXBuildFile; fileRef = 2BEA194424EF611C00A26CF9 /* ViewController.swift */; };
		2BEA194824EF611C00A26CF9 /* Main.storyboard in Resources */ = {isa = PBXBuildFile; fileRef = 2BEA194624EF611C00A26CF9 /* Main.storyboard */; };
		2BEA194A24EF611F00A26CF9 /* Assets.xcassets in Resources */ = {isa = PBXBuildFile; fileRef = 2BEA194924EF611F00A26CF9 /* Assets.xcassets */; };
		2BEA194D24EF611F00A26CF9 /* LaunchScreen.storyboard in Resources */ = {isa = PBXBuildFile; fileRef = 2BEA194B24EF611F00A26CF9 /* LaunchScreen.storyboard */; };
		2BEA195624EF61B300A26CF9 /* HBFilter.swift in Sources */ = {isa = PBXBuildFile; fileRef = 2BEA195524EF61B300A26CF9 /* HBFilter.swift */; };
		2BEA195C24EF66EB00A26CF9 /* FilterViewController.swift in Sources */ = {isa = PBXBuildFile; fileRef = 2BEA195A24EF66EB00A26CF9 /* FilterViewController.swift */; };
		2BEA195D24EF66EB00A26CF9 /* FilterViewController.xib in Resources */ = {isa = PBXBuildFile; fileRef = 2BEA195B24EF66EB00A26CF9 /* FilterViewController.xib */; };
		2BEA195F24EF8C9700A26CF9 /* Todo.txt in Resources */ = {isa = PBXBuildFile; fileRef = 2BEA195E24EF8C9700A26CF9 /* Todo.txt */; };
		2BEA196324EFCA3A00A26CF9 /* HBFilterViewController.swift in Sources */ = {isa = PBXBuildFile; fileRef = 2BEA196124EFCA3A00A26CF9 /* HBFilterViewController.swift */; };
		2BEA196424EFCA3A00A26CF9 /* HBFilterViewController.xib in Resources */ = {isa = PBXBuildFile; fileRef = 2BEA196224EFCA3A00A26CF9 /* HBFilterViewController.xib */; };
		2BEA196924EFCAAF00A26CF9 /* SelectedTableViewCell.swift in Sources */ = {isa = PBXBuildFile; fileRef = 2BEA196724EFCAAF00A26CF9 /* SelectedTableViewCell.swift */; };
		2BEA196A24EFCAAF00A26CF9 /* SelectedTableViewCell.xib in Resources */ = {isa = PBXBuildFile; fileRef = 2BEA196824EFCAAF00A26CF9 /* SelectedTableViewCell.xib */; };
		2BEA196D24EFCAD300A26CF9 /* SwichTableViewCell.swift in Sources */ = {isa = PBXBuildFile; fileRef = 2BEA196B24EFCAD300A26CF9 /* SwichTableViewCell.swift */; };
		2BEA196E24EFCAD300A26CF9 /* SwichTableViewCell.xib in Resources */ = {isa = PBXBuildFile; fileRef = 2BEA196C24EFCAD300A26CF9 /* SwichTableViewCell.xib */; };
		2BEA197224EFD0B200A26CF9 /* SampleData.swift in Sources */ = {isa = PBXBuildFile; fileRef = 2BEA197124EFD0B200A26CF9 /* SampleData.swift */; };
		6A79EFE02B3D71FE768E9186 /* Pods_HomeBooking.framework in Frameworks */ = {isa = PBXBuildFile; fileRef = 49C72311DA678AF806D2F4A7 /* Pods_HomeBooking.framework */; };
/* End PBXBuildFile section */

/* Begin PBXFileReference section */
		2B093DB724F5F70E0028820F /* HBCheckout2.swift */ = {isa = PBXFileReference; lastKnownFileType = sourcecode.swift; path = HBCheckout2.swift; sourceTree = "<group>"; };
		2B093DB924F612C00028820F /* HBDatePickerTextField.swift */ = {isa = PBXFileReference; lastKnownFileType = sourcecode.swift; path = HBDatePickerTextField.swift; sourceTree = "<group>"; };
		2B093DBB24F612DF0028820F /* HBTextField.swift */ = {isa = PBXFileReference; lastKnownFileType = sourcecode.swift; path = HBTextField.swift; sourceTree = "<group>"; };
		2B1A637F24F8A84B0023422F /* CodableExample.swift */ = {isa = PBXFileReference; lastKnownFileType = sourcecode.swift; path = CodableExample.swift; sourceTree = "<group>"; };
		2B1BB09F24F4A8F00074ED6B /* HBPaddingTextField.swift */ = {isa = PBXFileReference; lastKnownFileType = sourcecode.swift; path = HBPaddingTextField.swift; sourceTree = "<group>"; };
		2B1BB0A524F4B8960074ED6B /* HBInputNumberTableViewCell.swift */ = {isa = PBXFileReference; lastKnownFileType = sourcecode.swift; path = HBInputNumberTableViewCell.swift; sourceTree = "<group>"; };
		2B1BB0A624F4B8960074ED6B /* HBInputNumberTableViewCell.xib */ = {isa = PBXFileReference; lastKnownFileType = file.xib; path = HBInputNumberTableViewCell.xib; sourceTree = "<group>"; };
		2B52D7E724F5006700D8FF1A /* HBUser.storyboard */ = {isa = PBXFileReference; lastKnownFileType = file.storyboard; path = HBUser.storyboard; sourceTree = "<group>"; };
		2B52D7E924F5008F00D8FF1A /* HBUserViewController.swift */ = {isa = PBXFileReference; lastKnownFileType = sourcecode.swift; path = HBUserViewController.swift; sourceTree = "<group>"; };
		2B52D7EC24F5012F00D8FF1A /* HBUserTableViewCell.swift */ = {isa = PBXFileReference; lastKnownFileType = sourcecode.swift; path = HBUserTableViewCell.swift; sourceTree = "<group>"; };
		2B52D7ED24F5012F00D8FF1A /* HBUserTableViewCell.xib */ = {isa = PBXFileReference; lastKnownFileType = file.xib; path = HBUserTableViewCell.xib; sourceTree = "<group>"; };
		2B52D7F224F51F3500D8FF1A /* HBCheckout2.storyboard */ = {isa = PBXFileReference; lastKnownFileType = file.storyboard; path = HBCheckout2.storyboard; sourceTree = "<group>"; };
		2B52D7F624F5210500D8FF1A /* HBCheckout2ViewController.swift */ = {isa = PBXFileReference; lastKnownFileType = sourcecode.swift; path = HBCheckout2ViewController.swift; sourceTree = "<group>"; };
		2B81311224F8F73E00C786DF /* HBNotice.swift */ = {isa = PBXFileReference; lastKnownFileType = sourcecode.swift; path = HBNotice.swift; sourceTree = "<group>"; };
		2BA2ECCF24F7A2FA009512BB /* HBNotice.storyboard */ = {isa = PBXFileReference; lastKnownFileType = file.storyboard; path = HBNotice.storyboard; sourceTree = "<group>"; };
		2BA2ECD124F7A359009512BB /* HBNoticeViewController.swift */ = {isa = PBXFileReference; lastKnownFileType = sourcecode.swift; path = HBNoticeViewController.swift; sourceTree = "<group>"; };
		2BA2ECD424F7A40E009512BB /* HBNoticeTableViewCell.swift */ = {isa = PBXFileReference; lastKnownFileType = sourcecode.swift; path = HBNoticeTableViewCell.swift; sourceTree = "<group>"; };
		2BA2ECD524F7A40E009512BB /* HBNoticeTableViewCell.xib */ = {isa = PBXFileReference; lastKnownFileType = file.xib; path = HBNoticeTableViewCell.xib; sourceTree = "<group>"; };
		2BA2ECD824F7A7E1009512BB /* HBNoticeHeaderTableViewCell.swift */ = {isa = PBXFileReference; lastKnownFileType = sourcecode.swift; path = HBNoticeHeaderTableViewCell.swift; sourceTree = "<group>"; };
		2BA2ECD924F7A7E1009512BB /* HBNoticeHeaderTableViewCell.xib */ = {isa = PBXFileReference; lastKnownFileType = file.xib; path = HBNoticeHeaderTableViewCell.xib; sourceTree = "<group>"; };
		2BA2ECDE24F7AFB9009512BB /* HBUserDefault.swift */ = {isa = PBXFileReference; lastKnownFileType = sourcecode.swift; path = HBUserDefault.swift; sourceTree = "<group>"; };
		2BA2ECE524F7DDB5009512BB /* GenericXXX.swift */ = {isa = PBXFileReference; lastKnownFileType = sourcecode.swift; path = GenericXXX.swift; sourceTree = "<group>"; };
		2BA972A424F213E300419967 /* HBCheckout.storyboard */ = {isa = PBXFileReference; lastKnownFileType = file.storyboard; path = HBCheckout.storyboard; sourceTree = "<group>"; };
		2BA972A624F2140200419967 /* HBCheckout1ViewController.swift */ = {isa = PBXFileReference; lastKnownFileType = sourcecode.swift; path = HBCheckout1ViewController.swift; sourceTree = "<group>"; };
		2BA972A924F2172400419967 /* Checkout1TableViewCell.swift */ = {isa = PBXFileReference; lastKnownFileType = sourcecode.swift; path = Checkout1TableViewCell.swift; sourceTree = "<group>"; };
		2BA972AA24F2172400419967 /* Checkout1TableViewCell.xib */ = {isa = PBXFileReference; lastKnownFileType = file.xib; path = Checkout1TableViewCell.xib; sourceTree = "<group>"; };
		2BA972AD24F21C0C00419967 /* HBCheckoutModel.swift */ = {isa = PBXFileReference; lastKnownFileType = sourcecode.swift; path = HBCheckoutModel.swift; sourceTree = "<group>"; };
		2BD5CC6324F6203200148FF5 /* HBNumberTextField.swift */ = {isa = PBXFileReference; lastKnownFileType = sourcecode.swift; path = HBNumberTextField.swift; sourceTree = "<group>"; };
		2BD5CC6524F6508000148FF5 /* XViewController.swift */ = {isa = PBXFileReference; lastKnownFileType = sourcecode.swift; path = XViewController.swift; sourceTree = "<group>"; };
		2BE8849824F1230400DCAF8C /* HoangKimtoiStudy.txt */ = {isa = PBXFileReference; lastKnownFileType = text; path = HoangKimtoiStudy.txt; sourceTree = "<group>"; };
		2BEA193D24EF611C00A26CF9 /* HomeBooking.app */ = {isa = PBXFileReference; explicitFileType = wrapper.application; includeInIndex = 0; path = HomeBooking.app; sourceTree = BUILT_PRODUCTS_DIR; };
		2BEA194024EF611C00A26CF9 /* AppDelegate.swift */ = {isa = PBXFileReference; lastKnownFileType = sourcecode.swift; path = AppDelegate.swift; sourceTree = "<group>"; };
		2BEA194224EF611C00A26CF9 /* SceneDelegate.swift */ = {isa = PBXFileReference; lastKnownFileType = sourcecode.swift; path = SceneDelegate.swift; sourceTree = "<group>"; };
		2BEA194424EF611C00A26CF9 /* ViewController.swift */ = {isa = PBXFileReference; lastKnownFileType = sourcecode.swift; path = ViewController.swift; sourceTree = "<group>"; };
		2BEA194724EF611C00A26CF9 /* Base */ = {isa = PBXFileReference; lastKnownFileType = file.storyboard; name = Base; path = Base.lproj/Main.storyboard; sourceTree = "<group>"; };
		2BEA194924EF611F00A26CF9 /* Assets.xcassets */ = {isa = PBXFileReference; lastKnownFileType = folder.assetcatalog; path = Assets.xcassets; sourceTree = "<group>"; };
		2BEA194C24EF611F00A26CF9 /* Base */ = {isa = PBXFileReference; lastKnownFileType = file.storyboard; name = Base; path = Base.lproj/LaunchScreen.storyboard; sourceTree = "<group>"; };
		2BEA194E24EF611F00A26CF9 /* Info.plist */ = {isa = PBXFileReference; lastKnownFileType = text.plist.xml; path = Info.plist; sourceTree = "<group>"; };
		2BEA195524EF61B300A26CF9 /* HBFilter.swift */ = {isa = PBXFileReference; lastKnownFileType = sourcecode.swift; path = HBFilter.swift; sourceTree = "<group>"; };
		2BEA195A24EF66EB00A26CF9 /* FilterViewController.swift */ = {isa = PBXFileReference; lastKnownFileType = sourcecode.swift; path = FilterViewController.swift; sourceTree = "<group>"; };
		2BEA195B24EF66EB00A26CF9 /* FilterViewController.xib */ = {isa = PBXFileReference; lastKnownFileType = file.xib; path = FilterViewController.xib; sourceTree = "<group>"; };
		2BEA195E24EF8C9700A26CF9 /* Todo.txt */ = {isa = PBXFileReference; lastKnownFileType = text; path = Todo.txt; sourceTree = "<group>"; };
		2BEA196124EFCA3A00A26CF9 /* HBFilterViewController.swift */ = {isa = PBXFileReference; lastKnownFileType = sourcecode.swift; path = HBFilterViewController.swift; sourceTree = "<group>"; };
		2BEA196224EFCA3A00A26CF9 /* HBFilterViewController.xib */ = {isa = PBXFileReference; lastKnownFileType = file.xib; path = HBFilterViewController.xib; sourceTree = "<group>"; };
		2BEA196724EFCAAF00A26CF9 /* SelectedTableViewCell.swift */ = {isa = PBXFileReference; lastKnownFileType = sourcecode.swift; path = SelectedTableViewCell.swift; sourceTree = "<group>"; };
		2BEA196824EFCAAF00A26CF9 /* SelectedTableViewCell.xib */ = {isa = PBXFileReference; lastKnownFileType = file.xib; path = SelectedTableViewCell.xib; sourceTree = "<group>"; };
		2BEA196B24EFCAD300A26CF9 /* SwichTableViewCell.swift */ = {isa = PBXFileReference; lastKnownFileType = sourcecode.swift; path = SwichTableViewCell.swift; sourceTree = "<group>"; };
		2BEA196C24EFCAD300A26CF9 /* SwichTableViewCell.xib */ = {isa = PBXFileReference; lastKnownFileType = file.xib; path = SwichTableViewCell.xib; sourceTree = "<group>"; };
		2BEA197124EFD0B200A26CF9 /* SampleData.swift */ = {isa = PBXFileReference; lastKnownFileType = sourcecode.swift; path = SampleData.swift; sourceTree = "<group>"; };
		4079925A0B669B608AA76166 /* Pods-HomeBooking.release.xcconfig */ = {isa = PBXFileReference; includeInIndex = 1; lastKnownFileType = text.xcconfig; name = "Pods-HomeBooking.release.xcconfig"; path = "Target Support Files/Pods-HomeBooking/Pods-HomeBooking.release.xcconfig"; sourceTree = "<group>"; };
		49C72311DA678AF806D2F4A7 /* Pods_HomeBooking.framework */ = {isa = PBXFileReference; explicitFileType = wrapper.framework; includeInIndex = 0; path = Pods_HomeBooking.framework; sourceTree = BUILT_PRODUCTS_DIR; };
		E33742F2A8807FF5603DEC05 /* Pods-HomeBooking.debug.xcconfig */ = {isa = PBXFileReference; includeInIndex = 1; lastKnownFileType = text.xcconfig; name = "Pods-HomeBooking.debug.xcconfig"; path = "Target Support Files/Pods-HomeBooking/Pods-HomeBooking.debug.xcconfig"; sourceTree = "<group>"; };
/* End PBXFileReference section */

/* Begin PBXFrameworksBuildPhase section */
		2BEA193A24EF611C00A26CF9 /* Frameworks */ = {
			isa = PBXFrameworksBuildPhase;
			buildActionMask = 2147483647;
			files = (
				6A79EFE02B3D71FE768E9186 /* Pods_HomeBooking.framework in Frameworks */,
			);
			runOnlyForDeploymentPostprocessing = 0;
		};
/* End PBXFrameworksBuildPhase section */

/* Begin PBXGroup section */
		2B1BB09E24F4A8CC0074ED6B /* CustomViews */ = {
			isa = PBXGroup;
			children = (
				2B1BB09F24F4A8F00074ED6B /* HBPaddingTextField.swift */,
				2B093DBB24F612DF0028820F /* HBTextField.swift */,
				2B093DB924F612C00028820F /* HBDatePickerTextField.swift */,
				2BD5CC6324F6203200148FF5 /* HBNumberTextField.swift */,
			);
			path = CustomViews;
			sourceTree = "<group>";
		};
		2B52D7E624F4FF8A00D8FF1A /* TableViewUser */ = {
			isa = PBXGroup;
			children = (
				2B52D7EB24F500E900D8FF1A /* UserTableViewCell */,
				2B52D7E724F5006700D8FF1A /* HBUser.storyboard */,
				2B52D7E924F5008F00D8FF1A /* HBUserViewController.swift */,
			);
			path = TableViewUser;
			sourceTree = "<group>";
		};
		2B52D7EB24F500E900D8FF1A /* UserTableViewCell */ = {
			isa = PBXGroup;
			children = (
				2B52D7EC24F5012F00D8FF1A /* HBUserTableViewCell.swift */,
				2B52D7ED24F5012F00D8FF1A /* HBUserTableViewCell.xib */,
			);
			path = UserTableViewCell;
			sourceTree = "<group>";
		};
		2B52D7F024F51F0000D8FF1A /* ScreenCheckout2 */ = {
			isa = PBXGroup;
			children = (
				2B52D7F224F51F3500D8FF1A /* HBCheckout2.storyboard */,
				2B52D7F624F5210500D8FF1A /* HBCheckout2ViewController.swift */,
				2BD5CC6524F6508000148FF5 /* XViewController.swift */,
			);
			path = ScreenCheckout2;
			sourceTree = "<group>";
		};
		2BA2ECCE24F7A2BF009512BB /* ScreenNotification */ = {
			isa = PBXGroup;
			children = (
				2BA2ECD324F7A3B4009512BB /* NoticeTableViewCell */,
				2BA2ECCF24F7A2FA009512BB /* HBNotice.storyboard */,
				2BA2ECD124F7A359009512BB /* HBNoticeViewController.swift */,
				2BA2ECE524F7DDB5009512BB /* GenericXXX.swift */,
			);
			path = ScreenNotification;
			sourceTree = "<group>";
		};
		2BA2ECD324F7A3B4009512BB /* NoticeTableViewCell */ = {
			isa = PBXGroup;
			children = (
				2BA2ECD424F7A40E009512BB /* HBNoticeTableViewCell.swift */,
				2BA2ECD524F7A40E009512BB /* HBNoticeTableViewCell.xib */,
				2BA2ECD824F7A7E1009512BB /* HBNoticeHeaderTableViewCell.swift */,
				2BA2ECD924F7A7E1009512BB /* HBNoticeHeaderTableViewCell.xib */,
			);
			path = NoticeTableViewCell;
			sourceTree = "<group>";
		};
		2BA972A324F213A900419967 /* TableViewCheckout */ = {
			isa = PBXGroup;
			children = (
				2BA972A824F216EF00419967 /* CheckoutTableViewCell */,
				2BA972A424F213E300419967 /* HBCheckout.storyboard */,
				2BA972A624F2140200419967 /* HBCheckout1ViewController.swift */,
			);
			path = TableViewCheckout;
			sourceTree = "<group>";
		};
		2BA972A824F216EF00419967 /* CheckoutTableViewCell */ = {
			isa = PBXGroup;
			children = (
				2BA972A924F2172400419967 /* Checkout1TableViewCell.swift */,
				2BA972AA24F2172400419967 /* Checkout1TableViewCell.xib */,
				2B1BB0A524F4B8960074ED6B /* HBInputNumberTableViewCell.swift */,
				2B1BB0A624F4B8960074ED6B /* HBInputNumberTableViewCell.xib */,
			);
			path = CheckoutTableViewCell;
			sourceTree = "<group>";
		};
		2BEA193424EF611C00A26CF9 = {
			isa = PBXGroup;
			children = (
				2BE8849824F1230400DCAF8C /* HoangKimtoiStudy.txt */,
				2BEA195E24EF8C9700A26CF9 /* Todo.txt */,
				2BEA193F24EF611C00A26CF9 /* HomeBooking */,
				2BEA193E24EF611C00A26CF9 /* Products */,
				6275B1C26984A13058823E5D /* Pods */,
				CA83F81FC98103773334D907 /* Frameworks */,
			);
			sourceTree = "<group>";
		};
		2BEA193E24EF611C00A26CF9 /* Products */ = {
			isa = PBXGroup;
			children = (
				2BEA193D24EF611C00A26CF9 /* HomeBooking.app */,
			);
			name = Products;
			sourceTree = "<group>";
		};
		2BEA193F24EF611C00A26CF9 /* HomeBooking */ = {
			isa = PBXGroup;
			children = (
				2BA2ECCE24F7A2BF009512BB /* ScreenNotification */,
				2B52D7F024F51F0000D8FF1A /* ScreenCheckout2 */,
				2B52D7E624F4FF8A00D8FF1A /* TableViewUser */,
				2B1BB09E24F4A8CC0074ED6B /* CustomViews */,
				2BA972A324F213A900419967 /* TableViewCheckout */,
				2BEA196024EFCA0500A26CF9 /* TableFilter */,
				2BEA195924EF66A900A26CF9 /* Filter */,
				2BEA195424EF618E00A26CF9 /* Models */,
				2BEA194024EF611C00A26CF9 /* AppDelegate.swift */,
				2BEA194224EF611C00A26CF9 /* SceneDelegate.swift */,
				2BEA194424EF611C00A26CF9 /* ViewController.swift */,
				2BEA194624EF611C00A26CF9 /* Main.storyboard */,
				2BEA194924EF611F00A26CF9 /* Assets.xcassets */,
				2BEA194B24EF611F00A26CF9 /* LaunchScreen.storyboard */,
				2BEA194E24EF611F00A26CF9 /* Info.plist */,
			);
			path = HomeBooking;
			sourceTree = "<group>";
		};
		2BEA195424EF618E00A26CF9 /* Models */ = {
			isa = PBXGroup;
			children = (
				2BA2ECDE24F7AFB9009512BB /* HBUserDefault.swift */,
				2BEA195524EF61B300A26CF9 /* HBFilter.swift */,
				2BEA197124EFD0B200A26CF9 /* SampleData.swift */,
				2BA972AD24F21C0C00419967 /* HBCheckoutModel.swift */,
				2B093DB724F5F70E0028820F /* HBCheckout2.swift */,
				2B1A637F24F8A84B0023422F /* CodableExample.swift */,
				2B81311224F8F73E00C786DF /* HBNotice.swift */,
			);
			path = Models;
			sourceTree = "<group>";
		};
		2BEA195924EF66A900A26CF9 /* Filter */ = {
			isa = PBXGroup;
			children = (
				2BEA195A24EF66EB00A26CF9 /* FilterViewController.swift */,
				2BEA195B24EF66EB00A26CF9 /* FilterViewController.xib */,
			);
			path = Filter;
			sourceTree = "<group>";
		};
		2BEA196024EFCA0500A26CF9 /* TableFilter */ = {
			isa = PBXGroup;
			children = (
				2BEA196524EFCA5900A26CF9 /* FilterTableViewCell */,
				2BEA196124EFCA3A00A26CF9 /* HBFilterViewController.swift */,
				2BEA196224EFCA3A00A26CF9 /* HBFilterViewController.xib */,
			);
			path = TableFilter;
			sourceTree = "<group>";
		};
		2BEA196524EFCA5900A26CF9 /* FilterTableViewCell */ = {
			isa = PBXGroup;
			children = (
				2BEA196724EFCAAF00A26CF9 /* SelectedTableViewCell.swift */,
				2BEA196824EFCAAF00A26CF9 /* SelectedTableViewCell.xib */,
				2BEA196B24EFCAD300A26CF9 /* SwichTableViewCell.swift */,
				2BEA196C24EFCAD300A26CF9 /* SwichTableViewCell.xib */,
			);
			path = FilterTableViewCell;
			sourceTree = "<group>";
		};
		6275B1C26984A13058823E5D /* Pods */ = {
			isa = PBXGroup;
			children = (
				E33742F2A8807FF5603DEC05 /* Pods-HomeBooking.debug.xcconfig */,
				4079925A0B669B608AA76166 /* Pods-HomeBooking.release.xcconfig */,
			);
			path = Pods;
			sourceTree = "<group>";
		};
		CA83F81FC98103773334D907 /* Frameworks */ = {
			isa = PBXGroup;
			children = (
				49C72311DA678AF806D2F4A7 /* Pods_HomeBooking.framework */,
			);
			name = Frameworks;
			sourceTree = "<group>";
		};
/* End PBXGroup section */

/* Begin PBXNativeTarget section */
		2BEA193C24EF611C00A26CF9 /* HomeBooking */ = {
			isa = PBXNativeTarget;
			buildConfigurationList = 2BEA195124EF611F00A26CF9 /* Build configuration list for PBXNativeTarget "HomeBooking" */;
			buildPhases = (
				FF10B57254D69F8579B5F101 /* [CP] Check Pods Manifest.lock */,
				2BEA193924EF611C00A26CF9 /* Sources */,
				2BEA193A24EF611C00A26CF9 /* Frameworks */,
				2BEA193B24EF611C00A26CF9 /* Resources */,
				A09033CD823D39C39A79D6E1 /* [CP] Embed Pods Frameworks */,
			);
			buildRules = (
			);
			dependencies = (
			);
			name = HomeBooking;
			productName = HomeBooking;
			productReference = 2BEA193D24EF611C00A26CF9 /* HomeBooking.app */;
			productType = "com.apple.product-type.application";
		};
/* End PBXNativeTarget section */

/* Begin PBXProject section */
		2BEA193524EF611C00A26CF9 /* Project object */ = {
			isa = PBXProject;
			attributes = {
				LastSwiftUpdateCheck = 1120;
				LastUpgradeCheck = 1120;
				ORGANIZATIONNAME = helIgate;
				TargetAttributes = {
					2BEA193C24EF611C00A26CF9 = {
						CreatedOnToolsVersion = 11.2.1;
					};
				};
			};
			buildConfigurationList = 2BEA193824EF611C00A26CF9 /* Build configuration list for PBXProject "HomeBooking" */;
			compatibilityVersion = "Xcode 9.3";
			developmentRegion = en;
			hasScannedForEncodings = 0;
			knownRegions = (
				en,
				Base,
			);
			mainGroup = 2BEA193424EF611C00A26CF9;
			productRefGroup = 2BEA193E24EF611C00A26CF9 /* Products */;
			projectDirPath = "";
			projectRoot = "";
			targets = (
				2BEA193C24EF611C00A26CF9 /* HomeBooking */,
			);
		};
/* End PBXProject section */

/* Begin PBXResourcesBuildPhase section */
		2BEA193B24EF611C00A26CF9 /* Resources */ = {
			isa = PBXResourcesBuildPhase;
			buildActionMask = 2147483647;
			files = (
				2BA972A524F213E300419967 /* HBCheckout.storyboard in Resources */,
				2BA2ECD024F7A2FA009512BB /* HBNotice.storyboard in Resources */,
				2B1BB0A824F4B8960074ED6B /* HBInputNumberTableViewCell.xib in Resources */,
				2BA2ECD724F7A40E009512BB /* HBNoticeTableViewCell.xib in Resources */,
				2BA2ECDB24F7A7E1009512BB /* HBNoticeHeaderTableViewCell.xib in Resources */,
				2BEA196E24EFCAD300A26CF9 /* SwichTableViewCell.xib in Resources */,
				2BEA195F24EF8C9700A26CF9 /* Todo.txt in Resources */,
				2BEA196A24EFCAAF00A26CF9 /* SelectedTableViewCell.xib in Resources */,
				2BA972AC24F2172400419967 /* Checkout1TableViewCell.xib in Resources */,
				2BEA194D24EF611F00A26CF9 /* LaunchScreen.storyboard in Resources */,
				2BEA194A24EF611F00A26CF9 /* Assets.xcassets in Resources */,
				2BEA195D24EF66EB00A26CF9 /* FilterViewController.xib in Resources */,
				2B52D7F324F51F3500D8FF1A /* HBCheckout2.storyboard in Resources */,
				2BEA196424EFCA3A00A26CF9 /* HBFilterViewController.xib in Resources */,
				2BE8849924F1230400DCAF8C /* HoangKimtoiStudy.txt in Resources */,
				2B52D7E824F5006700D8FF1A /* HBUser.storyboard in Resources */,
				2B52D7EF24F5012F00D8FF1A /* HBUserTableViewCell.xib in Resources */,
				2BEA194824EF611C00A26CF9 /* Main.storyboard in Resources */,
			);
			runOnlyForDeploymentPostprocessing = 0;
		};
/* End PBXResourcesBuildPhase section */

/* Begin PBXShellScriptBuildPhase section */
		A09033CD823D39C39A79D6E1 /* [CP] Embed Pods Frameworks */ = {
			isa = PBXShellScriptBuildPhase;
			buildActionMask = 2147483647;
			files = (
			);
			inputFileListPaths = (
				"${PODS_ROOT}/Target Support Files/Pods-HomeBooking/Pods-HomeBooking-frameworks-${CONFIGURATION}-input-files.xcfilelist",
			);
			name = "[CP] Embed Pods Frameworks";
			outputFileListPaths = (
				"${PODS_ROOT}/Target Support Files/Pods-HomeBooking/Pods-HomeBooking-frameworks-${CONFIGURATION}-output-files.xcfilelist",
			);
			runOnlyForDeploymentPostprocessing = 0;
			shellPath = /bin/sh;
			shellScript = "\"${PODS_ROOT}/Target Support Files/Pods-HomeBooking/Pods-HomeBooking-frameworks.sh\"\n";
			showEnvVarsInLog = 0;
		};
		FF10B57254D69F8579B5F101 /* [CP] Check Pods Manifest.lock */ = {
			isa = PBXShellScriptBuildPhase;
			buildActionMask = 2147483647;
			files = (
			);
			inputFileListPaths = (
			);
			inputPaths = (
				"${PODS_PODFILE_DIR_PATH}/Podfile.lock",
				"${PODS_ROOT}/Manifest.lock",
			);
			name = "[CP] Check Pods Manifest.lock";
			outputFileListPaths = (
			);
			outputPaths = (
				"$(DERIVED_FILE_DIR)/Pods-HomeBooking-checkManifestLockResult.txt",
			);
			runOnlyForDeploymentPostprocessing = 0;
			shellPath = /bin/sh;
			shellScript = "diff \"${PODS_PODFILE_DIR_PATH}/Podfile.lock\" \"${PODS_ROOT}/Manifest.lock\" > /dev/null\nif [ $? != 0 ] ; then\n    # print error to STDERR\n    echo \"error: The sandbox is not in sync with the Podfile.lock. Run 'pod install' or update your CocoaPods installation.\" >&2\n    exit 1\nfi\n# This output is used by Xcode 'outputs' to avoid re-running this script phase.\necho \"SUCCESS\" > \"${SCRIPT_OUTPUT_FILE_0}\"\n";
			showEnvVarsInLog = 0;
		};
/* End PBXShellScriptBuildPhase section */

/* Begin PBXSourcesBuildPhase section */
		2BEA193924EF611C00A26CF9 /* Sources */ = {
			isa = PBXSourcesBuildPhase;
			buildActionMask = 2147483647;
			files = (
				2B093DB824F5F70E0028820F /* HBCheckout2.swift in Sources */,
				2B52D7EE24F5012F00D8FF1A /* HBUserTableViewCell.swift in Sources */,
				2BEA194524EF611C00A26CF9 /* ViewController.swift in Sources */,
				2BEA195624EF61B300A26CF9 /* HBFilter.swift in Sources */,
				2B1BB0A724F4B8960074ED6B /* HBInputNumberTableViewCell.swift in Sources */,
				2BA2ECDA24F7A7E1009512BB /* HBNoticeHeaderTableViewCell.swift in Sources */,
				2BA2ECD624F7A40E009512BB /* HBNoticeTableViewCell.swift in Sources */,
				2BEA194124EF611C00A26CF9 /* AppDelegate.swift in Sources */,
				2BA2ECDF24F7AFB9009512BB /* HBUserDefault.swift in Sources */,
				2BD5CC6424F6203200148FF5 /* HBNumberTextField.swift in Sources */,
				2BD5CC6624F6508000148FF5 /* XViewController.swift in Sources */,
				2BEA194324EF611C00A26CF9 /* SceneDelegate.swift in Sources */,
				2B1BB0A024F4A8F00074ED6B /* HBPaddingTextField.swift in Sources */,
				2BA972AB24F2172400419967 /* Checkout1TableViewCell.swift in Sources */,
				2BEA196D24EFCAD300A26CF9 /* SwichTableViewCell.swift in Sources */,
				2BEA196924EFCAAF00A26CF9 /* SelectedTableViewCell.swift in Sources */,
				2BEA196324EFCA3A00A26CF9 /* HBFilterViewController.swift in Sources */,
				2B1A638024F8A84B0023422F /* CodableExample.swift in Sources */,
				2BA2ECE624F7DDB5009512BB /* GenericXXX.swift in Sources */,
				2B81311324F8F73E00C786DF /* HBNotice.swift in Sources */,
				2B52D7F724F5210500D8FF1A /* HBCheckout2ViewController.swift in Sources */,
				2BEA197224EFD0B200A26CF9 /* SampleData.swift in Sources */,
				2BA972AE24F21C0C00419967 /* HBCheckoutModel.swift in Sources */,
				2BA972A724F2140200419967 /* HBCheckout1ViewController.swift in Sources */,
				2B52D7EA24F5008F00D8FF1A /* HBUserViewController.swift in Sources */,
				2B093DBA24F612C00028820F /* HBDatePickerTextField.swift in Sources */,
				2BA2ECD224F7A359009512BB /* HBNoticeViewController.swift in Sources */,
				2BEA195C24EF66EB00A26CF9 /* FilterViewController.swift in Sources */,
				2B093DBC24F612DF0028820F /* HBTextField.swift in Sources */,
			);
			runOnlyForDeploymentPostprocessing = 0;
		};
/* End PBXSourcesBuildPhase section */

/* Begin PBXVariantGroup section */
		2BEA194624EF611C00A26CF9 /* Main.storyboard */ = {
			isa = PBXVariantGroup;
			children = (
				2BEA194724EF611C00A26CF9 /* Base */,
			);
			name = Main.storyboard;
			sourceTree = "<group>";
		};
		2BEA194B24EF611F00A26CF9 /* LaunchScreen.storyboard */ = {
			isa = PBXVariantGroup;
			children = (
				2BEA194C24EF611F00A26CF9 /* Base */,
			);
			name = LaunchScreen.storyboard;
			sourceTree = "<group>";
		};
/* End PBXVariantGroup section */

/* Begin XCBuildConfiguration section */
		2BEA194F24EF611F00A26CF9 /* Debug */ = {
			isa = XCBuildConfiguration;
			buildSettings = {
				ALWAYS_SEARCH_USER_PATHS = NO;
				CLANG_ANALYZER_NONNULL = YES;
				CLANG_ANALYZER_NUMBER_OBJECT_CONVERSION = YES_AGGRESSIVE;
				CLANG_CXX_LANGUAGE_STANDARD = "gnu++14";
				CLANG_CXX_LIBRARY = "libc++";
				CLANG_ENABLE_MODULES = YES;
				CLANG_ENABLE_OBJC_ARC = YES;
				CLANG_ENABLE_OBJC_WEAK = YES;
				CLANG_WARN_BLOCK_CAPTURE_AUTORELEASING = YES;
				CLANG_WARN_BOOL_CONVERSION = YES;
				CLANG_WARN_COMMA = YES;
				CLANG_WARN_CONSTANT_CONVERSION = YES;
				CLANG_WARN_DEPRECATED_OBJC_IMPLEMENTATIONS = YES;
				CLANG_WARN_DIRECT_OBJC_ISA_USAGE = YES_ERROR;
				CLANG_WARN_DOCUMENTATION_COMMENTS = YES;
				CLANG_WARN_EMPTY_BODY = YES;
				CLANG_WARN_ENUM_CONVERSION = YES;
				CLANG_WARN_INFINITE_RECURSION = YES;
				CLANG_WARN_INT_CONVERSION = YES;
				CLANG_WARN_NON_LITERAL_NULL_CONVERSION = YES;
				CLANG_WARN_OBJC_IMPLICIT_RETAIN_SELF = YES;
				CLANG_WARN_OBJC_LITERAL_CONVERSION = YES;
				CLANG_WARN_OBJC_ROOT_CLASS = YES_ERROR;
				CLANG_WARN_RANGE_LOOP_ANALYSIS = YES;
				CLANG_WARN_STRICT_PROTOTYPES = YES;
				CLANG_WARN_SUSPICIOUS_MOVE = YES;
				CLANG_WARN_UNGUARDED_AVAILABILITY = YES_AGGRESSIVE;
				CLANG_WARN_UNREACHABLE_CODE = YES;
				CLANG_WARN__DUPLICATE_METHOD_MATCH = YES;
				COPY_PHASE_STRIP = NO;
				DEBUG_INFORMATION_FORMAT = dwarf;
				ENABLE_STRICT_OBJC_MSGSEND = YES;
				ENABLE_TESTABILITY = YES;
				GCC_C_LANGUAGE_STANDARD = gnu11;
				GCC_DYNAMIC_NO_PIC = NO;
				GCC_NO_COMMON_BLOCKS = YES;
				GCC_OPTIMIZATION_LEVEL = 0;
				GCC_PREPROCESSOR_DEFINITIONS = (
					"DEBUG=1",
					"$(inherited)",
				);
				GCC_WARN_64_TO_32_BIT_CONVERSION = YES;
				GCC_WARN_ABOUT_RETURN_TYPE = YES_ERROR;
				GCC_WARN_UNDECLARED_SELECTOR = YES;
				GCC_WARN_UNINITIALIZED_AUTOS = YES_AGGRESSIVE;
				GCC_WARN_UNUSED_FUNCTION = YES;
				GCC_WARN_UNUSED_VARIABLE = YES;
				IPHONEOS_DEPLOYMENT_TARGET = 13.2;
				MTL_ENABLE_DEBUG_INFO = INCLUDE_SOURCE;
				MTL_FAST_MATH = YES;
				ONLY_ACTIVE_ARCH = YES;
				SDKROOT = iphoneos;
				SWIFT_ACTIVE_COMPILATION_CONDITIONS = DEBUG;
				SWIFT_OPTIMIZATION_LEVEL = "-Onone";
			};
			name = Debug;
		};
		2BEA195024EF611F00A26CF9 /* Release */ = {
			isa = XCBuildConfiguration;
			buildSettings = {
				ALWAYS_SEARCH_USER_PATHS = NO;
				CLANG_ANALYZER_NONNULL = YES;
				CLANG_ANALYZER_NUMBER_OBJECT_CONVERSION = YES_AGGRESSIVE;
				CLANG_CXX_LANGUAGE_STANDARD = "gnu++14";
				CLANG_CXX_LIBRARY = "libc++";
				CLANG_ENABLE_MODULES = YES;
				CLANG_ENABLE_OBJC_ARC = YES;
				CLANG_ENABLE_OBJC_WEAK = YES;
				CLANG_WARN_BLOCK_CAPTURE_AUTORELEASING = YES;
				CLANG_WARN_BOOL_CONVERSION = YES;
				CLANG_WARN_COMMA = YES;
				CLANG_WARN_CONSTANT_CONVERSION = YES;
				CLANG_WARN_DEPRECATED_OBJC_IMPLEMENTATIONS = YES;
				CLANG_WARN_DIRECT_OBJC_ISA_USAGE = YES_ERROR;
				CLANG_WARN_DOCUMENTATION_COMMENTS = YES;
				CLANG_WARN_EMPTY_BODY = YES;
				CLANG_WARN_ENUM_CONVERSION = YES;
				CLANG_WARN_INFINITE_RECURSION = YES;
				CLANG_WARN_INT_CONVERSION = YES;
				CLANG_WARN_NON_LITERAL_NULL_CONVERSION = YES;
				CLANG_WARN_OBJC_IMPLICIT_RETAIN_SELF = YES;
				CLANG_WARN_OBJC_LITERAL_CONVERSION = YES;
				CLANG_WARN_OBJC_ROOT_CLASS = YES_ERROR;
				CLANG_WARN_RANGE_LOOP_ANALYSIS = YES;
				CLANG_WARN_STRICT_PROTOTYPES = YES;
				CLANG_WARN_SUSPICIOUS_MOVE = YES;
				CLANG_WARN_UNGUARDED_AVAILABILITY = YES_AGGRESSIVE;
				CLANG_WARN_UNREACHABLE_CODE = YES;
				CLANG_WARN__DUPLICATE_METHOD_MATCH = YES;
				COPY_PHASE_STRIP = NO;
				DEBUG_INFORMATION_FORMAT = "dwarf-with-dsym";
				ENABLE_NS_ASSERTIONS = NO;
				ENABLE_STRICT_OBJC_MSGSEND = YES;
				GCC_C_LANGUAGE_STANDARD = gnu11;
				GCC_NO_COMMON_BLOCKS = YES;
				GCC_WARN_64_TO_32_BIT_CONVERSION = YES;
				GCC_WARN_ABOUT_RETURN_TYPE = YES_ERROR;
				GCC_WARN_UNDECLARED_SELECTOR = YES;
				GCC_WARN_UNINITIALIZED_AUTOS = YES_AGGRESSIVE;
				GCC_WARN_UNUSED_FUNCTION = YES;
				GCC_WARN_UNUSED_VARIABLE = YES;
				IPHONEOS_DEPLOYMENT_TARGET = 13.2;
				MTL_ENABLE_DEBUG_INFO = NO;
				MTL_FAST_MATH = YES;
				SDKROOT = iphoneos;
				SWIFT_COMPILATION_MODE = wholemodule;
				SWIFT_OPTIMIZATION_LEVEL = "-O";
				VALIDATE_PRODUCT = YES;
			};
			name = Release;
		};
		2BEA195224EF611F00A26CF9 /* Debug */ = {
			isa = XCBuildConfiguration;
			baseConfigurationReference = E33742F2A8807FF5603DEC05 /* Pods-HomeBooking.debug.xcconfig */;
			buildSettings = {
				ASSETCATALOG_COMPILER_APPICON_NAME = AppIcon;
				CODE_SIGN_STYLE = Automatic;
				INFOPLIST_FILE = HomeBooking/Info.plist;
				LD_RUNPATH_SEARCH_PATHS = (
					"$(inherited)",
					"@executable_path/Frameworks",
				);
				PRODUCT_BUNDLE_IDENTIFIER = com.heligate.HomeBooking;
				PRODUCT_NAME = "$(TARGET_NAME)";
				SWIFT_VERSION = 5.0;
				TARGETED_DEVICE_FAMILY = "1,2";
			};
			name = Debug;
		};
		2BEA195324EF611F00A26CF9 /* Release */ = {
			isa = XCBuildConfiguration;
			baseConfigurationReference = 4079925A0B669B608AA76166 /* Pods-HomeBooking.release.xcconfig */;
			buildSettings = {
				ASSETCATALOG_COMPILER_APPICON_NAME = AppIcon;
				CODE_SIGN_STYLE = Automatic;
				INFOPLIST_FILE = HomeBooking/Info.plist;
				LD_RUNPATH_SEARCH_PATHS = (
					"$(inherited)",
					"@executable_path/Frameworks",
				);
				PRODUCT_BUNDLE_IDENTIFIER = com.heligate.HomeBooking;
				PRODUCT_NAME = "$(TARGET_NAME)";
				SWIFT_VERSION = 5.0;
				TARGETED_DEVICE_FAMILY = "1,2";
			};
			name = Release;
		};
/* End XCBuildConfiguration section */

/* Begin XCConfigurationList section */
		2BEA193824EF611C00A26CF9 /* Build configuration list for PBXProject "HomeBooking" */ = {
			isa = XCConfigurationList;
			buildConfigurations = (
				2BEA194F24EF611F00A26CF9 /* Debug */,
				2BEA195024EF611F00A26CF9 /* Release */,
			);
			defaultConfigurationIsVisible = 0;
			defaultConfigurationName = Release;
		};
		2BEA195124EF611F00A26CF9 /* Build configuration list for PBXNativeTarget "HomeBooking" */ = {
			isa = XCConfigurationList;
			buildConfigurations = (
				2BEA195224EF611F00A26CF9 /* Debug */,
				2BEA195324EF611F00A26CF9 /* Release */,
			);
			defaultConfigurationIsVisible = 0;
			defaultConfigurationName = Release;
		};
/* End XCConfigurationList section */
	};
	rootObject = 2BEA193524EF611C00A26CF9 /* Project object */;
}
