PODS:
  - IQKeyboardManagerSwift (6.5.6)
  - SwiftDate (6.1.0)
  - WSTagsField (5.4.0)

DEPENDENCIES:
  - IQKeyboardManagerSwift
  - SwiftDate
  - WSTagsField

SPEC REPOS:
  trunk:
    - IQKeyboardManagerSwift
    - SwiftDate
    - WSTagsField

SPEC CHECKSUMS:
  IQKeyboardManagerSwift: c7df9d2deb356c04522f5c4b7b6e4ce4d8ed94fe
  SwiftDate: fa2bb3962056bb44047b4b85a30044e5eae30b03
  WSTagsField: a4e91b7d866e8c9755332ebcf8123f42f2abd4a0

PODFILE CHECKSUM: 429463cdeed630c0b24bc295bb02955c48d6c298

COCOAPODS: 1.9.3
